
Microsoft Visual Studio Solution File, Format Version 12.00
# Visual Studio Version 16
VisualStudioVersion = 16.0.30330.147
MinimumVisualStudioVersion = 10.0.40219.1
Project("{FAE04EC0-301F-11D3-BF4B-00C04F79EFBC}") = "wbaNeowise", "wbaNeowise.csproj", "{FF9CCFB0-92A9-4DB3-AE4E-F6BED5288A60}"
EndProject
Global
	GlobalSection(SolutionConfigurationPlatforms) = preSolution
		Debug|Any CPU = Debug|Any CPU
		Release|Any CPU = Release|Any CPU
	EndGlobalSection
	GlobalSection(ProjectConfigurationPlatforms) = postSolution
		{FF9CCFB0-92A9-4DB3-AE4E-F6BED5288A60}.Debug|Any CPU.ActiveCfg = Debug|Any CPU
		{FF9CCFB0-92A9-4DB3-AE4E-F6BED5288A60}.Debug|Any CPU.Build.0 = Debug|Any CPU
		{FF9CCFB0-92A9-4DB3-AE4E-F6BED5288A60}.Release|Any CPU.ActiveCfg = Release|Any CPU
		{FF9CCFB0-92A9-4DB3-AE4E-F6BED5288A60}.Release|Any CPU.Build.0 = Release|Any CPU
	EndGlobalSection
	GlobalSection(SolutionProperties) = preSolution
		HideSolutionNode = FALSE
	EndGlobalSection
	GlobalSection(ExtensibilityGlobals) = postSolution
		SolutionGuid = {F79B5BF4-092C-4A9B-B1CB-D497F9DE7385}
	EndGlobalSection
EndGlobal
